
Microsoft Visual Studio Solution File, Format Version 12.00
# Visual Studio Version 16
VisualStudioVersion = 16.0.29709.97
MinimumVisualStudioVersion = 10.0.40219.1
Project("{FAE04EC0-301F-11D3-BF4B-00C04F79EFBC}") = "RancherAspNetCoreExampleDeploy", "RancherAspNetCoreExampleDeploy\RancherAspNetCoreExampleDeploy.csproj", "{0C07F2F2-3F26-453A-A476-278CD491832B}"
EndProject
Global
	GlobalSection(SolutionConfigurationPlatforms) = preSolution
		Debug|Any CPU = Debug|Any CPU
		Release|Any CPU = Release|Any CPU
	EndGlobalSection
	GlobalSection(ProjectConfigurationPlatforms) = postSolution
		{0C07F2F2-3F26-453A-A476-278CD491832B}.Debug|Any CPU.ActiveCfg = Debug|Any CPU
		{0C07F2F2-3F26-453A-A476-278CD491832B}.Debug|Any CPU.Build.0 = Debug|Any CPU
		{0C07F2F2-3F26-453A-A476-278CD491832B}.Release|Any CPU.ActiveCfg = Release|Any CPU
		{0C07F2F2-3F26-453A-A476-278CD491832B}.Release|Any CPU.Build.0 = Release|Any CPU
	EndGlobalSection
	GlobalSection(SolutionProperties) = preSolution
		HideSolutionNode = FALSE
	EndGlobalSection
	GlobalSection(ExtensibilityGlobals) = postSolution
		SolutionGuid = {43904378-EE6D-47F0-A61E-C3E81220B1E7}
	EndGlobalSection
EndGlobal
